
Microsoft Visual Studio Solution File, Format Version 12.00
# Visual Studio 15
VisualStudioVersion = 15.0.28010.2003
MinimumVisualStudioVersion = 10.0.40219.1
Project("{FAE04EC0-301F-11D3-BF4B-00C04F79EFBC}") = "Exercise 2", "Exercise 2\Exercise 2.csproj", "{218E542E-D616-4189-A8D9-B34071FC44ED}"
EndProject
Global
	GlobalSection(SolutionConfigurationPlatforms) = preSolution
		Debug|Any CPU = Debug|Any CPU
		Release|Any CPU = Release|Any CPU
	EndGlobalSection
	GlobalSection(ProjectConfigurationPlatforms) = postSolution
		{218E542E-D616-4189-A8D9-B34071FC44ED}.Debug|Any CPU.ActiveCfg = Debug|Any CPU
		{218E542E-D616-4189-A8D9-B34071FC44ED}.Debug|Any CPU.Build.0 = Debug|Any CPU
		{218E542E-D616-4189-A8D9-B34071FC44ED}.Release|Any CPU.ActiveCfg = Release|Any CPU
		{218E542E-D616-4189-A8D9-B34071FC44ED}.Release|Any CPU.Build.0 = Release|Any CPU
	EndGlobalSection
	GlobalSection(SolutionProperties) = preSolution
		HideSolutionNode = FALSE
	EndGlobalSection
	GlobalSection(ExtensibilityGlobals) = postSolution
		SolutionGuid = {2737997E-1219-486C-8A98-3570057754DB}
	EndGlobalSection
EndGlobal
