
Microsoft Visual Studio Solution File, Format Version 12.00
# Visual Studio 15
VisualStudioVersion = 15.0.28010.2003
MinimumVisualStudioVersion = 10.0.40219.1
Project("{FAE04EC0-301F-11D3-BF4B-00C04F79EFBC}") = "Exercise 1", "Exercise 1\Exercise 1.csproj", "{066DEC3F-524A-48E8-B45B-912BF1FEC488}"
EndProject
Global
	GlobalSection(SolutionConfigurationPlatforms) = preSolution
		Debug|Any CPU = Debug|Any CPU
		Release|Any CPU = Release|Any CPU
	EndGlobalSection
	GlobalSection(ProjectConfigurationPlatforms) = postSolution
		{066DEC3F-524A-48E8-B45B-912BF1FEC488}.Debug|Any CPU.ActiveCfg = Debug|Any CPU
		{066DEC3F-524A-48E8-B45B-912BF1FEC488}.Debug|Any CPU.Build.0 = Debug|Any CPU
		{066DEC3F-524A-48E8-B45B-912BF1FEC488}.Release|Any CPU.ActiveCfg = Release|Any CPU
		{066DEC3F-524A-48E8-B45B-912BF1FEC488}.Release|Any CPU.Build.0 = Release|Any CPU
	EndGlobalSection
	GlobalSection(SolutionProperties) = preSolution
		HideSolutionNode = FALSE
	EndGlobalSection
	GlobalSection(ExtensibilityGlobals) = postSolution
		SolutionGuid = {BD252260-0B41-4AB0-9B11-0098BBDDAF71}
	EndGlobalSection
EndGlobal
